
Microsoft Visual Studio Solution File, Format Version 12.00
# Visual Studio 15
VisualStudioVersion = 15.0.28010.2046
MinimumVisualStudioVersion = 10.0.40219.1
Project("{FAE04EC0-301F-11D3-BF4B-00C04F79EFBC}") = "WeirdAudioTest", "WeirdAudioTest\WeirdAudioTest.csproj", "{F3ECDEA4-D517-4C4E-9B1A-4FFD3A0C0068}"
EndProject
Global
	GlobalSection(SolutionConfigurationPlatforms) = preSolution
		Debug|Any CPU = Debug|Any CPU
		Release|Any CPU = Release|Any CPU
	EndGlobalSection
	GlobalSection(ProjectConfigurationPlatforms) = postSolution
		{F3ECDEA4-D517-4C4E-9B1A-4FFD3A0C0068}.Debug|Any CPU.ActiveCfg = Debug|Any CPU
		{F3ECDEA4-D517-4C4E-9B1A-4FFD3A0C0068}.Debug|Any CPU.Build.0 = Debug|Any CPU
		{F3ECDEA4-D517-4C4E-9B1A-4FFD3A0C0068}.Release|Any CPU.ActiveCfg = Release|Any CPU
		{F3ECDEA4-D517-4C4E-9B1A-4FFD3A0C0068}.Release|Any CPU.Build.0 = Release|Any CPU
	EndGlobalSection
	GlobalSection(SolutionProperties) = preSolution
		HideSolutionNode = FALSE
	EndGlobalSection
	GlobalSection(ExtensibilityGlobals) = postSolution
		SolutionGuid = {396FDEBE-790D-4C40-922E-2BFEF85304B7}
	EndGlobalSection
EndGlobal
